// !$*UTF8*$!
{
	archiveVersion = 1;
	classes = {
	};
	objectVersion = 50;
	objects = {

/* Begin PBXBuildFile section */
		4C6ED69422CC11B500581819 /* AppDelegate.swift in Sources */ = {isa = PBXBuildFile; fileRef = 4C6ED69322CC11B500581819 /* AppDelegate.swift */; };
		4C6ED69622CC11B500581819 /* ViewController.swift in Sources */ = {isa = PBXBuildFile; fileRef = 4C6ED69522CC11B500581819 /* ViewController.swift */; };
		4C6ED69922CC11B500581819 /* Main.storyboard in Resources */ = {isa = PBXBuildFile; fileRef = 4C6ED69722CC11B500581819 /* Main.storyboard */; };
		4C6ED69B22CC11B700581819 /* Assets.xcassets in Resources */ = {isa = PBXBuildFile; fileRef = 4C6ED69A22CC11B700581819 /* Assets.xcassets */; };
		4C6ED69E22CC11B700581819 /* LaunchScreen.storyboard in Resources */ = {isa = PBXBuildFile; fileRef = 4C6ED69C22CC11B700581819 /* LaunchScreen.storyboard */; };
		4C6ED6B822CC142500581819 /* home.png in Resources */ = {isa = PBXBuildFile; fileRef = 4C6ED6B222CC142500581819 /* home.png */; };
		4C6ED6B922CC142500581819 /* lion.png in Resources */ = {isa = PBXBuildFile; fileRef = 4C6ED6B322CC142500581819 /* lion.png */; };
		4C6ED6BA22CC142500581819 /* elephant.png in Resources */ = {isa = PBXBuildFile; fileRef = 4C6ED6B422CC142500581819 /* elephant.png */; };
		4C6ED6BD22CC142500581819 /* gorilla.png in Resources */ = {isa = PBXBuildFile; fileRef = 4C6ED6B722CC142500581819 /* gorilla.png */; };
		4C6ED6BF22CC2E3C00581819 /* ScreenTwoViewController.swift in Sources */ = {isa = PBXBuildFile; fileRef = 4C6ED6BE22CC2E3C00581819 /* ScreenTwoViewController.swift */; };
		4C6ED6C122CC337200581819 /* ScreenThreeViewController.swift in Sources */ = {isa = PBXBuildFile; fileRef = 4C6ED6C022CC337200581819 /* ScreenThreeViewController.swift */; };
/* End PBXBuildFile section */

/* Begin PBXFileReference section */
		4C6ED69022CC11B500581819 /* Day3ImageAndMore.app */ = {isa = PBXFileReference; explicitFileType = wrapper.application; includeInIndex = 0; path = Day3ImageAndMore.app; sourceTree = BUILT_PRODUCTS_DIR; };
		4C6ED69322CC11B500581819 /* AppDelegate.swift */ = {isa = PBXFileReference; lastKnownFileType = sourcecode.swift; path = AppDelegate.swift; sourceTree = "<group>"; };
		4C6ED69522CC11B500581819 /* ViewController.swift */ = {isa = PBXFileReference; lastKnownFileType = sourcecode.swift; path = ViewController.swift; sourceTree = "<group>"; };
		4C6ED69822CC11B500581819 /* Base */ = {isa = PBXFileReference; lastKnownFileType = file.storyboard; name = Base; path = Base.lproj/Main.storyboard; sourceTree = "<group>"; };
		4C6ED69A22CC11B700581819 /* Assets.xcassets */ = {isa = PBXFileReference; lastKnownFileType = folder.assetcatalog; path = Assets.xcassets; sourceTree = "<group>"; };
		4C6ED69D22CC11B700581819 /* Base */ = {isa = PBXFileReference; lastKnownFileType = file.storyboard; name = Base; path = Base.lproj/LaunchScreen.storyboard; sourceTree = "<group>"; };
		4C6ED69F22CC11B700581819 /* Info.plist */ = {isa = PBXFileReference; lastKnownFileType = text.plist.xml; path = Info.plist; sourceTree = "<group>"; };
		4C6ED6B222CC142500581819 /* home.png */ = {isa = PBXFileReference; lastKnownFileType = image.png; path = home.png; sourceTree = "<group>"; };
		4C6ED6B322CC142500581819 /* lion.png */ = {isa = PBXFileReference; lastKnownFileType = image.png; path = lion.png; sourceTree = "<group>"; };
		4C6ED6B422CC142500581819 /* elephant.png */ = {isa = PBXFileReference; lastKnownFileType = image.png; path = elephant.png; sourceTree = "<group>"; };
		4C6ED6B722CC142500581819 /* gorilla.png */ = {isa = PBXFileReference; lastKnownFileType = image.png; path = gorilla.png; sourceTree = "<group>"; };
		4C6ED6BE22CC2E3C00581819 /* ScreenTwoViewController.swift */ = {isa = PBXFileReference; lastKnownFileType = sourcecode.swift; path = ScreenTwoViewController.swift; sourceTree = "<group>"; };
		4C6ED6C022CC337200581819 /* ScreenThreeViewController.swift */ = {isa = PBXFileReference; lastKnownFileType = sourcecode.swift; path = ScreenThreeViewController.swift; sourceTree = "<group>"; };
/* End PBXFileReference section */

/* Begin PBXFrameworksBuildPhase section */
		4C6ED68D22CC11B500581819 /* Frameworks */ = {
			isa = PBXFrameworksBuildPhase;
			buildActionMask = 2147483647;
			files = (
			);
			runOnlyForDeploymentPostprocessing = 0;
		};
/* End PBXFrameworksBuildPhase section */

/* Begin PBXGroup section */
		4C6ED68722CC11B500581819 = {
			isa = PBXGroup;
			children = (
				4C6ED69222CC11B500581819 /* Day3ImageAndMore */,
				4C6ED69122CC11B500581819 /* Products */,
			);
			sourceTree = "<group>";
		};
		4C6ED69122CC11B500581819 /* Products */ = {
			isa = PBXGroup;
			children = (
				4C6ED69022CC11B500581819 /* Day3ImageAndMore.app */,
			);
			name = Products;
			sourceTree = "<group>";
		};
		4C6ED69222CC11B500581819 /* Day3ImageAndMore */ = {
			isa = PBXGroup;
			children = (
				4C6ED6A522CC126300581819 /* Images */,
				4C6ED69322CC11B500581819 /* AppDelegate.swift */,
				4C6ED69522CC11B500581819 /* ViewController.swift */,
				4C6ED6C022CC337200581819 /* ScreenThreeViewController.swift */,
				4C6ED69722CC11B500581819 /* Main.storyboard */,
				4C6ED6BE22CC2E3C00581819 /* ScreenTwoViewController.swift */,
				4C6ED69A22CC11B700581819 /* Assets.xcassets */,
				4C6ED69C22CC11B700581819 /* LaunchScreen.storyboard */,
				4C6ED69F22CC11B700581819 /* Info.plist */,
			);
			path = Day3ImageAndMore;
			sourceTree = "<group>";
		};
		4C6ED6A522CC126300581819 /* Images */ = {
			isa = PBXGroup;
			children = (
				4C6ED6B422CC142500581819 /* elephant.png */,
				4C6ED6B722CC142500581819 /* gorilla.png */,
				4C6ED6B222CC142500581819 /* home.png */,
				4C6ED6B322CC142500581819 /* lion.png */,
			);
			path = Images;
			sourceTree = "<group>";
		};
/* End PBXGroup section */

/* Begin PBXNativeTarget section */
		4C6ED68F22CC11B500581819 /* Day3ImageAndMore */ = {
			isa = PBXNativeTarget;
			buildConfigurationList = 4C6ED6A222CC11B700581819 /* Build configuration list for PBXNativeTarget "Day3ImageAndMore" */;
			buildPhases = (
				4C6ED68C22CC11B500581819 /* Sources */,
				4C6ED68D22CC11B500581819 /* Frameworks */,
				4C6ED68E22CC11B500581819 /* Resources */,
			);
			buildRules = (
			);
			dependencies = (
			);
			name = Day3ImageAndMore;
			productName = Day3ImageAndMore;
			productReference = 4C6ED69022CC11B500581819 /* Day3ImageAndMore.app */;
			productType = "com.apple.product-type.application";
		};
/* End PBXNativeTarget section */

/* Begin PBXProject section */
		4C6ED68822CC11B500581819 /* Project object */ = {
			isa = PBXProject;
			attributes = {
				LastSwiftUpdateCheck = 1020;
				LastUpgradeCheck = 1020;
				ORGANIZATIONNAME = njprasher;
				TargetAttributes = {
					4C6ED68F22CC11B500581819 = {
						CreatedOnToolsVersion = 10.2.1;
					};
				};
			};
			buildConfigurationList = 4C6ED68B22CC11B500581819 /* Build configuration list for PBXProject "Day3ImageAndMore" */;
			compatibilityVersion = "Xcode 9.3";
			developmentRegion = en;
			hasScannedForEncodings = 0;
			knownRegions = (
				en,
				Base,
			);
			mainGroup = 4C6ED68722CC11B500581819;
			productRefGroup = 4C6ED69122CC11B500581819 /* Products */;
			projectDirPath = "";
			projectRoot = "";
			targets = (
				4C6ED68F22CC11B500581819 /* Day3ImageAndMore */,
			);
		};
/* End PBXProject section */

/* Begin PBXResourcesBuildPhase section */
		4C6ED68E22CC11B500581819 /* Resources */ = {
			isa = PBXResourcesBuildPhase;
			buildActionMask = 2147483647;
			files = (
				4C6ED6BA22CC142500581819 /* elephant.png in Resources */,
				4C6ED6B822CC142500581819 /* home.png in Resources */,
				4C6ED6B922CC142500581819 /* lion.png in Resources */,
				4C6ED6BD22CC142500581819 /* gorilla.png in Resources */,
				4C6ED69E22CC11B700581819 /* LaunchScreen.storyboard in Resources */,
				4C6ED69B22CC11B700581819 /* Assets.xcassets in Resources */,
				4C6ED69922CC11B500581819 /* Main.storyboard in Resources */,
			);
			runOnlyForDeploymentPostprocessing = 0;
		};
/* End PBXResourcesBuildPhase section */

/* Begin PBXSourcesBuildPhase section */
		4C6ED68C22CC11B500581819 /* Sources */ = {
			isa = PBXSourcesBuildPhase;
			buildActionMask = 2147483647;
			files = (
				4C6ED6BF22CC2E3C00581819 /* ScreenTwoViewController.swift in Sources */,
				4C6ED6C122CC337200581819 /* ScreenThreeViewController.swift in Sources */,
				4C6ED69622CC11B500581819 /* ViewController.swift in Sources */,
				4C6ED69422CC11B500581819 /* AppDelegate.swift in Sources */,
			);
			runOnlyForDeploymentPostprocessing = 0;
		};
/* End PBXSourcesBuildPhase section */

/* Begin PBXVariantGroup section */
		4C6ED69722CC11B500581819 /* Main.storyboard */ = {
			isa = PBXVariantGroup;
			children = (
				4C6ED69822CC11B500581819 /* Base */,
			);
			name = Main.storyboard;
			sourceTree = "<group>";
		};
		4C6ED69C22CC11B700581819 /* LaunchScreen.storyboard */ = {
			isa = PBXVariantGroup;
			children = (
				4C6ED69D22CC11B700581819 /* Base */,
			);
			name = LaunchScreen.storyboard;
			sourceTree = "<group>";
		};
/* End PBXVariantGroup section */

/* Begin XCBuildConfiguration section */
		4C6ED6A022CC11B700581819 /* Debug */ = {
			isa = XCBuildConfiguration;
			buildSettings = {
				ALWAYS_SEARCH_USER_PATHS = NO;
				CLANG_ANALYZER_NONNULL = YES;
				CLANG_ANALYZER_NUMBER_OBJECT_CONVERSION = YES_AGGRESSIVE;
				CLANG_CXX_LANGUAGE_STANDARD = "gnu++14";
				CLANG_CXX_LIBRARY = "libc++";
				CLANG_ENABLE_MODULES = YES;
				CLANG_ENABLE_OBJC_ARC = YES;
				CLANG_ENABLE_OBJC_WEAK = YES;
				CLANG_WARN_BLOCK_CAPTURE_AUTORELEASING = YES;
				CLANG_WARN_BOOL_CONVERSION = YES;
				CLANG_WARN_COMMA = YES;
				CLANG_WARN_CONSTANT_CONVERSION = YES;
				CLANG_WARN_DEPRECATED_OBJC_IMPLEMENTATIONS = YES;
				CLANG_WARN_DIRECT_OBJC_ISA_USAGE = YES_ERROR;
				CLANG_WARN_DOCUMENTATION_COMMENTS = YES;
				CLANG_WARN_EMPTY_BODY = YES;
				CLANG_WARN_ENUM_CONVERSION = YES;
				CLANG_WARN_INFINITE_RECURSION = YES;
				CLANG_WARN_INT_CONVERSION = YES;
				CLANG_WARN_NON_LITERAL_NULL_CONVERSION = YES;
				CLANG_WARN_OBJC_IMPLICIT_RETAIN_SELF = YES;
				CLANG_WARN_OBJC_LITERAL_CONVERSION = YES;
				CLANG_WARN_OBJC_ROOT_CLASS = YES_ERROR;
				CLANG_WARN_RANGE_LOOP_ANALYSIS = YES;
				CLANG_WARN_STRICT_PROTOTYPES = YES;
				CLANG_WARN_SUSPICIOUS_MOVE = YES;
				CLANG_WARN_UNGUARDED_AVAILABILITY = YES_AGGRESSIVE;
				CLANG_WARN_UNREACHABLE_CODE = YES;
				CLANG_WARN__DUPLICATE_METHOD_MATCH = YES;
				CODE_SIGN_IDENTITY = "iPhone Developer";
				COPY_PHASE_STRIP = NO;
				DEBUG_INFORMATION_FORMAT = dwarf;
				ENABLE_STRICT_OBJC_MSGSEND = YES;
				ENABLE_TESTABILITY = YES;
				GCC_C_LANGUAGE_STANDARD = gnu11;
				GCC_DYNAMIC_NO_PIC = NO;
				GCC_NO_COMMON_BLOCKS = YES;
				GCC_OPTIMIZATION_LEVEL = 0;
				GCC_PREPROCESSOR_DEFINITIONS = (
					"DEBUG=1",
					"$(inherited)",
				);
				GCC_WARN_64_TO_32_BIT_CONVERSION = YES;
				GCC_WARN_ABOUT_RETURN_TYPE = YES_ERROR;
				GCC_WARN_UNDECLARED_SELECTOR = YES;
				GCC_WARN_UNINITIALIZED_AUTOS = YES_AGGRESSIVE;
				GCC_WARN_UNUSED_FUNCTION = YES;
				GCC_WARN_UNUSED_VARIABLE = YES;
				IPHONEOS_DEPLOYMENT_TARGET = 12.2;
				MTL_ENABLE_DEBUG_INFO = INCLUDE_SOURCE;
				MTL_FAST_MATH = YES;
				ONLY_ACTIVE_ARCH = YES;
				SDKROOT = iphoneos;
				SWIFT_ACTIVE_COMPILATION_CONDITIONS = DEBUG;
				SWIFT_OPTIMIZATION_LEVEL = "-Onone";
			};
			name = Debug;
		};
		4C6ED6A122CC11B700581819 /* Release */ = {
			isa = XCBuildConfiguration;
			buildSettings = {
				ALWAYS_SEARCH_USER_PATHS = NO;
				CLANG_ANALYZER_NONNULL = YES;
				CLANG_ANALYZER_NUMBER_OBJECT_CONVERSION = YES_AGGRESSIVE;
				CLANG_CXX_LANGUAGE_STANDARD = "gnu++14";
				CLANG_CXX_LIBRARY = "libc++";
				CLANG_ENABLE_MODULES = YES;
				CLANG_ENABLE_OBJC_ARC = YES;
				CLANG_ENABLE_OBJC_WEAK = YES;
				CLANG_WARN_BLOCK_CAPTURE_AUTORELEASING = YES;
				CLANG_WARN_BOOL_CONVERSION = YES;
				CLANG_WARN_COMMA = YES;
				CLANG_WARN_CONSTANT_CONVERSION = YES;
				CLANG_WARN_DEPRECATED_OBJC_IMPLEMENTATIONS = YES;
				CLANG_WARN_DIRECT_OBJC_ISA_USAGE = YES_ERROR;
				CLANG_WARN_DOCUMENTATION_COMMENTS = YES;
				CLANG_WARN_EMPTY_BODY = YES;
				CLANG_WARN_ENUM_CONVERSION = YES;
				CLANG_WARN_INFINITE_RECURSION = YES;
				CLANG_WARN_INT_CONVERSION = YES;
				CLANG_WARN_NON_LITERAL_NULL_CONVERSION = YES;
				CLANG_WARN_OBJC_IMPLICIT_RETAIN_SELF = YES;
				CLANG_WARN_OBJC_LITERAL_CONVERSION = YES;
				CLANG_WARN_OBJC_ROOT_CLASS = YES_ERROR;
				CLANG_WARN_RANGE_LOOP_ANALYSIS = YES;
				CLANG_WARN_STRICT_PROTOTYPES = YES;
				CLANG_WARN_SUSPICIOUS_MOVE = YES;
				CLANG_WARN_UNGUARDED_AVAILABILITY = YES_AGGRESSIVE;
				CLANG_WARN_UNREACHABLE_CODE = YES;
				CLANG_WARN__DUPLICATE_METHOD_MATCH = YES;
				CODE_SIGN_IDENTITY = "iPhone Developer";
				COPY_PHASE_STRIP = NO;
				DEBUG_INFORMATION_FORMAT = "dwarf-with-dsym";
				ENABLE_NS_ASSERTIONS = NO;
				ENABLE_STRICT_OBJC_MSGSEND = YES;
				GCC_C_LANGUAGE_STANDARD = gnu11;
				GCC_NO_COMMON_BLOCKS = YES;
				GCC_WARN_64_TO_32_BIT_CONVERSION = YES;
				GCC_WARN_ABOUT_RETURN_TYPE = YES_ERROR;
				GCC_WARN_UNDECLARED_SELECTOR = YES;
				GCC_WARN_UNINITIALIZED_AUTOS = YES_AGGRESSIVE;
				GCC_WARN_UNUSED_FUNCTION = YES;
				GCC_WARN_UNUSED_VARIABLE = YES;
				IPHONEOS_DEPLOYMENT_TARGET = 12.2;
				MTL_ENABLE_DEBUG_INFO = NO;
				MTL_FAST_MATH = YES;
				SDKROOT = iphoneos;
				SWIFT_COMPILATION_MODE = wholemodule;
				SWIFT_OPTIMIZATION_LEVEL = "-O";
				VALIDATE_PRODUCT = YES;
			};
			name = Release;
		};
		4C6ED6A322CC11B700581819 /* Debug */ = {
			isa = XCBuildConfiguration;
			buildSettings = {
				ASSETCATALOG_COMPILER_APPICON_NAME = AppIcon;
				CODE_SIGN_STYLE = Automatic;
				DEVELOPMENT_TEAM = H6K64SU867;
				INFOPLIST_FILE = Day3ImageAndMore/Info.plist;
				LD_RUNPATH_SEARCH_PATHS = (
					"$(inherited)",
					"@executable_path/Frameworks",
				);
				PRODUCT_BUNDLE_IDENTIFIER = com.njprasher.Day3ImageAndMore;
				PRODUCT_NAME = "$(TARGET_NAME)";
				SWIFT_VERSION = 5.0;
				TARGETED_DEVICE_FAMILY = "1,2";
			};
			name = Debug;
		};
		4C6ED6A422CC11B700581819 /* Release */ = {
			isa = XCBuildConfiguration;
			buildSettings = {
				ASSETCATALOG_COMPILER_APPICON_NAME = AppIcon;
				CODE_SIGN_STYLE = Automatic;
				DEVELOPMENT_TEAM = H6K64SU867;
				INFOPLIST_FILE = Day3ImageAndMore/Info.plist;
				LD_RUNPATH_SEARCH_PATHS = (
					"$(inherited)",
					"@executable_path/Frameworks",
				);
				PRODUCT_BUNDLE_IDENTIFIER = com.njprasher.Day3ImageAndMore;
				PRODUCT_NAME = "$(TARGET_NAME)";
				SWIFT_VERSION = 5.0;
				TARGETED_DEVICE_FAMILY = "1,2";
			};
			name = Release;
		};
/* End XCBuildConfiguration section */

/* Begin XCConfigurationList section */
		4C6ED68B22CC11B500581819 /* Build configuration list for PBXProject "Day3ImageAndMore" */ = {
			isa = XCConfigurationList;
			buildConfigurations = (
				4C6ED6A022CC11B700581819 /* Debug */,
				4C6ED6A122CC11B700581819 /* Release */,
			);
			defaultConfigurationIsVisible = 0;
			defaultConfigurationName = Release;
		};
		4C6ED6A222CC11B700581819 /* Build configuration list for PBXNativeTarget "Day3ImageAndMore" */ = {
			isa = XCConfigurationList;
			buildConfigurations = (
				4C6ED6A322CC11B700581819 /* Debug */,
				4C6ED6A422CC11B700581819 /* Release */,
			);
			defaultConfigurationIsVisible = 0;
			defaultConfigurationName = Release;
		};
/* End XCConfigurationList section */
	};
	rootObject = 4C6ED68822CC11B500581819 /* Project object */;
}
